{
  "pins" : [
    {
      "identity" : "nuke",
      "kind" : "remoteSourceControl",
      "location" : "https://github.com/kean/Nuke",
      "state" : {
        "revision" : "7f73ceaeacd5df75a7994cd82e165ad9ff1815db",
        "version" : "9.6.1"
      }
    },
    {
      "identity" : "swift-snapshot-testing",
      "kind" : "remoteSourceControl",
      "location" : "https://github.com/pointfreeco/swift-snapshot-testing.git",
      "state" : {
        "branch" : "main",
        "revision" : "a02ef9ab8270fa2623af0bf89b26dcb29aaf3290"
      }
    }
  ],
  "version" : 2
}
