{
  "pins" : [
    {
      "identity" : "swift-snapshot-testing",
      "kind" : "remoteSourceControl",
      "location" : "https://github.com/pointfreeco/swift-snapshot-testing.git",
      "state" : {
        "branch" : "main",
        "revision" : "a02ef9ab8270fa2623af0bf89b26dcb29aaf3290"
      }
    }
  ],
  "version" : 2
}
