// !$*UTF8*$!
{
	archiveVersion = 1;
	classes = {
	};
	objectVersion = 56;
	objects = {

/* Begin PBXBuildFile section */
		9B1F285228E1CEB6009A5D86 /* ModifierCollections.swift in Sources */ = {isa = PBXBuildFile; fileRef = 9B1F285128E1CEB6009A5D86 /* ModifierCollections.swift */; };
		9B486C6728DF760300A2B16C /* Credits.swift in Sources */ = {isa = PBXBuildFile; fileRef = 9B486C6628DF760300A2B16C /* Credits.swift */; };
		9B486C7028E0F74D00A2B16C /* Nuke in Frameworks */ = {isa = PBXBuildFile; productRef = 9B486C6F28E0F74D00A2B16C /* Nuke */; };
		9B486C7228E0F74D00A2B16C /* NukeExtensions in Frameworks */ = {isa = PBXBuildFile; productRef = 9B486C7128E0F74D00A2B16C /* NukeExtensions */; };
		9B486C7428E0F74D00A2B16C /* NukeUI in Frameworks */ = {isa = PBXBuildFile; productRef = 9B486C7328E0F74D00A2B16C /* NukeUI */; };
		9BEA79F228DE2CE8006826FA /* HTTPStatusCode.swift in Sources */ = {isa = PBXBuildFile; fileRef = D39302E5283FE89500BBD5F4 /* HTTPStatusCode.swift */; };
		9BEA79F328DE2D78006826FA /* HTTPStatusCode.swift in Sources */ = {isa = PBXBuildFile; fileRef = D39302E5283FE89500BBD5F4 /* HTTPStatusCode.swift */; };
		9BEA79F428DE2D78006826FA /* HTTPStatusCode.swift in Sources */ = {isa = PBXBuildFile; fileRef = D39302E5283FE89500BBD5F4 /* HTTPStatusCode.swift */; };
		9BEA79F628DE506D006826FA /* GridView.swift in Sources */ = {isa = PBXBuildFile; fileRef = 9BEA79F528DE506D006826FA /* GridView.swift */; };
		D33A650E2847F1A700A307FA /* ipadcats_data.h in Headers */ = {isa = PBXBuildFile; fileRef = D33A650D2847F1A700A307FA /* ipadcats_data.h */; settings = {ATTRIBUTES = (Public, ); }; };
		D33A65172847F1B700A307FA /* Favourite.swift in Sources */ = {isa = PBXBuildFile; fileRef = D3B623F82845468F0084930E /* Favourite.swift */; };
		D33A65202847F50700A307FA /* ipadcats_data.framework in Frameworks */ = {isa = PBXBuildFile; fileRef = D33A650B2847F1A700A307FA /* ipadcats_data.framework */; };
		D33A65212847F50700A307FA /* ipadcats_data.framework in Embed Frameworks */ = {isa = PBXBuildFile; fileRef = D33A650B2847F1A700A307FA /* ipadcats_data.framework */; settings = {ATTRIBUTES = (CodeSignOnCopy, RemoveHeadersOnCopy, ); }; };
		D33A65252847F51000A307FA /* ipadcats_data.framework in Frameworks */ = {isa = PBXBuildFile; fileRef = D33A650B2847F1A700A307FA /* ipadcats_data.framework */; };
		D33A65322848068100A307FA /* Favourite.swift in Sources */ = {isa = PBXBuildFile; fileRef = D3B623F82845468F0084930E /* Favourite.swift */; };
		D33A65332848068500A307FA /* Favourite.swift in Sources */ = {isa = PBXBuildFile; fileRef = D3B623F82845468F0084930E /* Favourite.swift */; };
		D39302D4283FDFD700BBD5F4 /* ipadcatsApp.swift in Sources */ = {isa = PBXBuildFile; fileRef = D39302D3283FDFD700BBD5F4 /* ipadcatsApp.swift */; };
		D39302D6283FDFD700BBD5F4 /* ContentView.swift in Sources */ = {isa = PBXBuildFile; fileRef = D39302D5283FDFD700BBD5F4 /* ContentView.swift */; };
		D39302D8283FDFDA00BBD5F4 /* Assets.xcassets in Resources */ = {isa = PBXBuildFile; fileRef = D39302D7283FDFDA00BBD5F4 /* Assets.xcassets */; };
		D39302DB283FDFDA00BBD5F4 /* Preview Assets.xcassets in Resources */ = {isa = PBXBuildFile; fileRef = D39302DA283FDFDA00BBD5F4 /* Preview Assets.xcassets */; };
		D39302E2283FDFF900BBD5F4 /* MyImage.swift in Sources */ = {isa = PBXBuildFile; fileRef = D39302E1283FDFF900BBD5F4 /* MyImage.swift */; };
		D39302E4283FE75B00BBD5F4 /* SidebarView.swift in Sources */ = {isa = PBXBuildFile; fileRef = D39302E3283FE75B00BBD5F4 /* SidebarView.swift */; };
		D39302E8283FF1ED00BBD5F4 /* Launch Screen.storyboard in Resources */ = {isa = PBXBuildFile; fileRef = D39302E7283FF1ED00BBD5F4 /* Launch Screen.storyboard */; };
		D3A315832863A41500E6B966 /* ipadcatsUITests.swift in Sources */ = {isa = PBXBuildFile; fileRef = D3A315822863A41500E6B966 /* ipadcatsUITests.swift */; };
		D3A315852863A41500E6B966 /* ipadcatsUITestsLaunchTests.swift in Sources */ = {isa = PBXBuildFile; fileRef = D3A315842863A41500E6B966 /* ipadcatsUITestsLaunchTests.swift */; };
		D3A315922863ADCB00E6B966 /* IpadcatsTests.swift in Sources */ = {isa = PBXBuildFile; fileRef = D3A315912863ADCB00E6B966 /* IpadcatsTests.swift */; };
		D3A315932863ADCB00E6B966 /* ipadcats_data.framework in Frameworks */ = {isa = PBXBuildFile; fileRef = D33A650B2847F1A700A307FA /* ipadcats_data.framework */; };
		D3B623F02845429A0084930E /* Meme.swift in Sources */ = {isa = PBXBuildFile; fileRef = D3B623EF2845429A0084930E /* Meme.swift */; };
		D3B623F2284543580084930E /* MyFavourites.swift in Sources */ = {isa = PBXBuildFile; fileRef = D3B623F1284543580084930E /* MyFavourites.swift */; };
		D3B623F42845461D0084930E /* RandomCode.swift in Sources */ = {isa = PBXBuildFile; fileRef = D3B623F32845461D0084930E /* RandomCode.swift */; };
		D3B623F6284546370084930E /* AllHttpCodes.swift in Sources */ = {isa = PBXBuildFile; fileRef = D3B623F5284546370084930E /* AllHttpCodes.swift */; };
		D3BD0A032842A315005A957F /* AppPreferences.swift in Sources */ = {isa = PBXBuildFile; fileRef = D3BD0A022842A315005A957F /* AppPreferences.swift */; };
		D3DA267C28CA5DCB0078F44D /* SnapshotTester.swift in Sources */ = {isa = PBXBuildFile; fileRef = D3DA267B28CA5DCB0078F44D /* SnapshotTester.swift */; };
		D3DA267F28CA5DEA0078F44D /* SnapshotTesting in Frameworks */ = {isa = PBXBuildFile; productRef = D3DA267E28CA5DEA0078F44D /* SnapshotTesting */; };
		D3E872372864E93F001C5C06 /* AnimalSwitcher.swift in Sources */ = {isa = PBXBuildFile; fileRef = D3E872362864E93F001C5C06 /* AnimalSwitcher.swift */; };
		D3E872392864EEDB001C5C06 /* ShareButton.swift in Sources */ = {isa = PBXBuildFile; fileRef = D3E872382864EEDB001C5C06 /* ShareButton.swift */; };
		D3E8723B2864F09F001C5C06 /* FavouriteButton.swift in Sources */ = {isa = PBXBuildFile; fileRef = D3E8723A2864F09F001C5C06 /* FavouriteButton.swift */; };
		D3E8723D2864F5D5001C5C06 /* FavouriteMeme.swift in Sources */ = {isa = PBXBuildFile; fileRef = D3E8723C2864F5D5001C5C06 /* FavouriteMeme.swift */; };
		D3F2612828469FAD006169A8 /* WidgetKit.framework in Frameworks */ = {isa = PBXBuildFile; fileRef = D3F2612728469FAD006169A8 /* WidgetKit.framework */; };
		D3F2612A28469FAD006169A8 /* SwiftUI.framework in Frameworks */ = {isa = PBXBuildFile; fileRef = D3F2612928469FAD006169A8 /* SwiftUI.framework */; };
		D3F2612D28469FAD006169A8 /* widgets.swift in Sources */ = {isa = PBXBuildFile; fileRef = D3F2612C28469FAD006169A8 /* widgets.swift */; };
		D3F2612F28469FAF006169A8 /* Assets.xcassets in Resources */ = {isa = PBXBuildFile; fileRef = D3F2612E28469FAF006169A8 /* Assets.xcassets */; };
		D3F2613328469FAF006169A8 /* widgetsExtension.appex in Embed Foundation Extensions */ = {isa = PBXBuildFile; fileRef = D3F2612528469FAD006169A8 /* widgetsExtension.appex */; settings = {ATTRIBUTES = (RemoveHeadersOnCopy, ); }; };
		D3F2613B2847BB86006169A8 /* FavouriteImageProvider.swift in Sources */ = {isa = PBXBuildFile; fileRef = D3F2613A2847BB86006169A8 /* FavouriteImageProvider.swift */; };
/* End PBXBuildFile section */

/* Begin PBXContainerItemProxy section */
		D33A651E2847F42100A307FA /* PBXContainerItemProxy */ = {
			isa = PBXContainerItemProxy;
			containerPortal = D39302C8283FDFD700BBD5F4 /* Project object */;
			proxyType = 1;
			remoteGlobalIDString = D33A650A2847F1A700A307FA;
			remoteInfo = ipadcats.data;
		};
		D33A65222847F50700A307FA /* PBXContainerItemProxy */ = {
			isa = PBXContainerItemProxy;
			containerPortal = D39302C8283FDFD700BBD5F4 /* Project object */;
			proxyType = 1;
			remoteGlobalIDString = D33A650A2847F1A700A307FA;
			remoteInfo = ipadcats.data;
		};
		D33A65272847F51000A307FA /* PBXContainerItemProxy */ = {
			isa = PBXContainerItemProxy;
			containerPortal = D39302C8283FDFD700BBD5F4 /* Project object */;
			proxyType = 1;
			remoteGlobalIDString = D33A650A2847F1A700A307FA;
			remoteInfo = ipadcats.data;
		};
		D3A315862863A41500E6B966 /* PBXContainerItemProxy */ = {
			isa = PBXContainerItemProxy;
			containerPortal = D39302C8283FDFD700BBD5F4 /* Project object */;
			proxyType = 1;
			remoteGlobalIDString = D39302CF283FDFD700BBD5F4;
			remoteInfo = ipadcats;
		};
		D3A315942863ADCB00E6B966 /* PBXContainerItemProxy */ = {
			isa = PBXContainerItemProxy;
			containerPortal = D39302C8283FDFD700BBD5F4 /* Project object */;
			proxyType = 1;
			remoteGlobalIDString = D33A650A2847F1A700A307FA;
			remoteInfo = ipadcats.data;
		};
		D3DA268028CA5FEB0078F44D /* PBXContainerItemProxy */ = {
			isa = PBXContainerItemProxy;
			containerPortal = D39302C8283FDFD700BBD5F4 /* Project object */;
			proxyType = 1;
			remoteGlobalIDString = D39302CF283FDFD700BBD5F4;
			remoteInfo = ipadcats;
		};
		D3F2613128469FAF006169A8 /* PBXContainerItemProxy */ = {
			isa = PBXContainerItemProxy;
			containerPortal = D39302C8283FDFD700BBD5F4 /* Project object */;
			proxyType = 1;
			remoteGlobalIDString = D3F2612428469FAD006169A8;
			remoteInfo = widgetsExtension;
		};
/* End PBXContainerItemProxy section */

/* Begin PBXCopyFilesBuildPhase section */
		D33A65242847F50700A307FA /* Embed Frameworks */ = {
			isa = PBXCopyFilesBuildPhase;
			buildActionMask = 2147483647;
			dstPath = "";
			dstSubfolderSpec = 10;
			files = (
				D33A65212847F50700A307FA /* ipadcats_data.framework in Embed Frameworks */,
			);
			name = "Embed Frameworks";
			runOnlyForDeploymentPostprocessing = 0;
		};
		D3F2613428469FAF006169A8 /* Embed Foundation Extensions */ = {
			isa = PBXCopyFilesBuildPhase;
			buildActionMask = 2147483647;
			dstPath = "";
			dstSubfolderSpec = 13;
			files = (
				D3F2613328469FAF006169A8 /* widgetsExtension.appex in Embed Foundation Extensions */,
			);
			name = "Embed Foundation Extensions";
			runOnlyForDeploymentPostprocessing = 0;
		};
/* End PBXCopyFilesBuildPhase section */

/* Begin PBXFileReference section */
		9B1F285128E1CEB6009A5D86 /* ModifierCollections.swift */ = {isa = PBXFileReference; lastKnownFileType = sourcecode.swift; path = ModifierCollections.swift; sourceTree = "<group>"; };
		9B486C6628DF760300A2B16C /* Credits.swift */ = {isa = PBXFileReference; lastKnownFileType = sourcecode.swift; path = Credits.swift; sourceTree = "<group>"; };
		9B9270FC28E7792600B63268 /* ipadcatsRelease.entitlements */ = {isa = PBXFileReference; lastKnownFileType = text.plist.entitlements; path = ipadcatsRelease.entitlements; sourceTree = "<group>"; };
		9B92710028EB76A500B63268 /* widgetsExtensionRelease.entitlements */ = {isa = PBXFileReference; lastKnownFileType = text.plist.entitlements; path = widgetsExtensionRelease.entitlements; sourceTree = "<group>"; };
		9BEA79F528DE506D006826FA /* GridView.swift */ = {isa = PBXFileReference; lastKnownFileType = sourcecode.swift; path = GridView.swift; sourceTree = "<group>"; };
		D33A650B2847F1A700A307FA /* ipadcats_data.framework */ = {isa = PBXFileReference; explicitFileType = wrapper.framework; includeInIndex = 0; path = ipadcats_data.framework; sourceTree = BUILT_PRODUCTS_DIR; };
		D33A650D2847F1A700A307FA /* ipadcats_data.h */ = {isa = PBXFileReference; lastKnownFileType = sourcecode.c.h; path = ipadcats_data.h; sourceTree = "<group>"; };
		D39302D0283FDFD700BBD5F4 /* ipadcats.app */ = {isa = PBXFileReference; explicitFileType = wrapper.application; includeInIndex = 0; path = ipadcats.app; sourceTree = BUILT_PRODUCTS_DIR; };
		D39302D3283FDFD700BBD5F4 /* ipadcatsApp.swift */ = {isa = PBXFileReference; lastKnownFileType = sourcecode.swift; path = ipadcatsApp.swift; sourceTree = "<group>"; };
		D39302D5283FDFD700BBD5F4 /* ContentView.swift */ = {isa = PBXFileReference; lastKnownFileType = sourcecode.swift; path = ContentView.swift; sourceTree = "<group>"; };
		D39302D7283FDFDA00BBD5F4 /* Assets.xcassets */ = {isa = PBXFileReference; lastKnownFileType = folder.assetcatalog; path = Assets.xcassets; sourceTree = "<group>"; };
		D39302DA283FDFDA00BBD5F4 /* Preview Assets.xcassets */ = {isa = PBXFileReference; lastKnownFileType = folder.assetcatalog; path = "Preview Assets.xcassets"; sourceTree = "<group>"; };
		D39302E1283FDFF900BBD5F4 /* MyImage.swift */ = {isa = PBXFileReference; lastKnownFileType = sourcecode.swift; path = MyImage.swift; sourceTree = "<group>"; };
		D39302E3283FE75B00BBD5F4 /* SidebarView.swift */ = {isa = PBXFileReference; lastKnownFileType = sourcecode.swift; path = SidebarView.swift; sourceTree = "<group>"; };
		D39302E5283FE89500BBD5F4 /* HTTPStatusCode.swift */ = {isa = PBXFileReference; lastKnownFileType = sourcecode.swift; path = HTTPStatusCode.swift; sourceTree = "<group>"; };
		D39302E7283FF1ED00BBD5F4 /* Launch Screen.storyboard */ = {isa = PBXFileReference; lastKnownFileType = file.storyboard; path = "Launch Screen.storyboard"; sourceTree = "<group>"; };
		D39302E9283FF2CC00BBD5F4 /* Info.plist */ = {isa = PBXFileReference; lastKnownFileType = text.plist; path = Info.plist; sourceTree = "<group>"; };
		D3A315802863A41500E6B966 /* ipadcatsUITests.xctest */ = {isa = PBXFileReference; explicitFileType = wrapper.cfbundle; includeInIndex = 0; path = ipadcatsUITests.xctest; sourceTree = BUILT_PRODUCTS_DIR; };
		D3A315822863A41500E6B966 /* ipadcatsUITests.swift */ = {isa = PBXFileReference; lastKnownFileType = sourcecode.swift; path = ipadcatsUITests.swift; sourceTree = "<group>"; };
		D3A315842863A41500E6B966 /* ipadcatsUITestsLaunchTests.swift */ = {isa = PBXFileReference; lastKnownFileType = sourcecode.swift; path = ipadcatsUITestsLaunchTests.swift; sourceTree = "<group>"; };
		D3A3158F2863ADCB00E6B966 /* IpadcatsTests.xctest */ = {isa = PBXFileReference; explicitFileType = wrapper.cfbundle; includeInIndex = 0; path = IpadcatsTests.xctest; sourceTree = BUILT_PRODUCTS_DIR; };
		D3A315912863ADCB00E6B966 /* IpadcatsTests.swift */ = {isa = PBXFileReference; lastKnownFileType = sourcecode.swift; path = IpadcatsTests.swift; sourceTree = "<group>"; };
		D3A315992863AEDA00E6B966 /* SimpleUnitTests.xctestplan */ = {isa = PBXFileReference; lastKnownFileType = text; path = SimpleUnitTests.xctestplan; sourceTree = "<group>"; };
		D3B623EF2845429A0084930E /* Meme.swift */ = {isa = PBXFileReference; lastKnownFileType = sourcecode.swift; path = Meme.swift; sourceTree = "<group>"; };
		D3B623F1284543580084930E /* MyFavourites.swift */ = {isa = PBXFileReference; lastKnownFileType = sourcecode.swift; path = MyFavourites.swift; sourceTree = "<group>"; };
		D3B623F32845461D0084930E /* RandomCode.swift */ = {isa = PBXFileReference; lastKnownFileType = sourcecode.swift; path = RandomCode.swift; sourceTree = "<group>"; };
		D3B623F5284546370084930E /* AllHttpCodes.swift */ = {isa = PBXFileReference; lastKnownFileType = sourcecode.swift; path = AllHttpCodes.swift; sourceTree = "<group>"; };
		D3B623F82845468F0084930E /* Favourite.swift */ = {isa = PBXFileReference; lastKnownFileType = sourcecode.swift; path = Favourite.swift; sourceTree = "<group>"; };
		D3BD0A022842A315005A957F /* AppPreferences.swift */ = {isa = PBXFileReference; lastKnownFileType = sourcecode.swift; path = AppPreferences.swift; sourceTree = "<group>"; };
		D3DA267B28CA5DCB0078F44D /* SnapshotTester.swift */ = {isa = PBXFileReference; fileEncoding = 4; lastKnownFileType = sourcecode.swift; path = SnapshotTester.swift; sourceTree = "<group>"; };
		D3E872362864E93F001C5C06 /* AnimalSwitcher.swift */ = {isa = PBXFileReference; lastKnownFileType = sourcecode.swift; path = AnimalSwitcher.swift; sourceTree = "<group>"; };
		D3E872382864EEDB001C5C06 /* ShareButton.swift */ = {isa = PBXFileReference; lastKnownFileType = sourcecode.swift; path = ShareButton.swift; sourceTree = "<group>"; };
		D3E8723A2864F09F001C5C06 /* FavouriteButton.swift */ = {isa = PBXFileReference; lastKnownFileType = sourcecode.swift; path = FavouriteButton.swift; sourceTree = "<group>"; };
		D3E8723C2864F5D5001C5C06 /* FavouriteMeme.swift */ = {isa = PBXFileReference; lastKnownFileType = sourcecode.swift; path = FavouriteMeme.swift; sourceTree = "<group>"; };
		D3F2612528469FAD006169A8 /* widgetsExtension.appex */ = {isa = PBXFileReference; explicitFileType = "wrapper.app-extension"; includeInIndex = 0; path = widgetsExtension.appex; sourceTree = BUILT_PRODUCTS_DIR; };
		D3F2612728469FAD006169A8 /* WidgetKit.framework */ = {isa = PBXFileReference; lastKnownFileType = wrapper.framework; name = WidgetKit.framework; path = System/Library/Frameworks/WidgetKit.framework; sourceTree = SDKROOT; };
		D3F2612928469FAD006169A8 /* SwiftUI.framework */ = {isa = PBXFileReference; lastKnownFileType = wrapper.framework; name = SwiftUI.framework; path = System/Library/Frameworks/SwiftUI.framework; sourceTree = SDKROOT; };
		D3F2612C28469FAD006169A8 /* widgets.swift */ = {isa = PBXFileReference; lastKnownFileType = sourcecode.swift; path = widgets.swift; sourceTree = "<group>"; };
		D3F2612E28469FAF006169A8 /* Assets.xcassets */ = {isa = PBXFileReference; lastKnownFileType = folder.assetcatalog; path = Assets.xcassets; sourceTree = "<group>"; };
		D3F2613028469FAF006169A8 /* Info.plist */ = {isa = PBXFileReference; lastKnownFileType = text.plist.xml; path = Info.plist; sourceTree = "<group>"; };
		D3F261382846A608006169A8 /* ipadcats.entitlements */ = {isa = PBXFileReference; lastKnownFileType = text.plist.entitlements; path = ipadcats.entitlements; sourceTree = "<group>"; };
		D3F261392846A647006169A8 /* widgetsExtension.entitlements */ = {isa = PBXFileReference; lastKnownFileType = text.plist.entitlements; path = widgetsExtension.entitlements; sourceTree = "<group>"; };
		D3F2613A2847BB86006169A8 /* FavouriteImageProvider.swift */ = {isa = PBXFileReference; lastKnownFileType = sourcecode.swift; path = FavouriteImageProvider.swift; sourceTree = "<group>"; };
/* End PBXFileReference section */

/* Begin PBXFrameworksBuildPhase section */
		D33A65082847F1A700A307FA /* Frameworks */ = {
			isa = PBXFrameworksBuildPhase;
			buildActionMask = 2147483647;
			files = (
			);
			runOnlyForDeploymentPostprocessing = 0;
		};
		D39302CD283FDFD700BBD5F4 /* Frameworks */ = {
			isa = PBXFrameworksBuildPhase;
			buildActionMask = 2147483647;
			files = (
				D33A65202847F50700A307FA /* ipadcats_data.framework in Frameworks */,
				9B486C7028E0F74D00A2B16C /* Nuke in Frameworks */,
				9B486C7228E0F74D00A2B16C /* NukeExtensions in Frameworks */,
				9B486C7428E0F74D00A2B16C /* NukeUI in Frameworks */,
			);
			runOnlyForDeploymentPostprocessing = 0;
		};
		D3A3157D2863A41500E6B966 /* Frameworks */ = {
			isa = PBXFrameworksBuildPhase;
			buildActionMask = 2147483647;
			files = (
			);
			runOnlyForDeploymentPostprocessing = 0;
		};
		D3A3158C2863ADCB00E6B966 /* Frameworks */ = {
			isa = PBXFrameworksBuildPhase;
			buildActionMask = 2147483647;
			files = (
				D3A315932863ADCB00E6B966 /* ipadcats_data.framework in Frameworks */,
				D3DA267F28CA5DEA0078F44D /* SnapshotTesting in Frameworks */,
			);
			runOnlyForDeploymentPostprocessing = 0;
		};
		D3F2612228469FAD006169A8 /* Frameworks */ = {
			isa = PBXFrameworksBuildPhase;
			buildActionMask = 2147483647;
			files = (
				D33A65252847F51000A307FA /* ipadcats_data.framework in Frameworks */,
				D3F2612A28469FAD006169A8 /* SwiftUI.framework in Frameworks */,
				D3F2612828469FAD006169A8 /* WidgetKit.framework in Frameworks */,
			);
			runOnlyForDeploymentPostprocessing = 0;
		};
/* End PBXFrameworksBuildPhase section */

/* Begin PBXGroup section */
		9B1F285028E1CE8F009A5D86 /* ViewModifiers */ = {
			isa = PBXGroup;
			children = (
				9B1F285128E1CEB6009A5D86 /* ModifierCollections.swift */,
			);
			path = ViewModifiers;
			sourceTree = "<group>";
		};
		D33A650C2847F1A700A307FA /* ipadcats.data */ = {
			isa = PBXGroup;
			children = (
				D39302E5283FE89500BBD5F4 /* HTTPStatusCode.swift */,
				D3B623F82845468F0084930E /* Favourite.swift */,
				D33A650D2847F1A700A307FA /* ipadcats_data.h */,
			);
			path = ipadcats.data;
			sourceTree = "<group>";
		};
		D39302C7283FDFD700BBD5F4 = {
			isa = PBXGroup;
			children = (
				9B92710028EB76A500B63268 /* widgetsExtensionRelease.entitlements */,
				D3F261392846A647006169A8 /* widgetsExtension.entitlements */,
				D39302D2283FDFD700BBD5F4 /* ipadcats */,
				D3F2612B28469FAD006169A8 /* widgets */,
				D33A650C2847F1A700A307FA /* ipadcats.data */,
				D3A315812863A41500E6B966 /* ipadcatsUITests */,
				D3A315902863ADCB00E6B966 /* IpadcatsTests */,
				D3F2612628469FAD006169A8 /* Frameworks */,
				D39302D1283FDFD700BBD5F4 /* Products */,
			);
			sourceTree = "<group>";
		};
		D39302D1283FDFD700BBD5F4 /* Products */ = {
			isa = PBXGroup;
			children = (
				D39302D0283FDFD700BBD5F4 /* ipadcats.app */,
				D3F2612528469FAD006169A8 /* widgetsExtension.appex */,
				D33A650B2847F1A700A307FA /* ipadcats_data.framework */,
				D3A315802863A41500E6B966 /* ipadcatsUITests.xctest */,
				D3A3158F2863ADCB00E6B966 /* IpadcatsTests.xctest */,
			);
			name = Products;
			sourceTree = "<group>";
		};
		D39302D2283FDFD700BBD5F4 /* ipadcats */ = {
			isa = PBXGroup;
			children = (
				9B9270FC28E7792600B63268 /* ipadcatsRelease.entitlements */,
				D3F261382846A608006169A8 /* ipadcats.entitlements */,
				D39302E9283FF2CC00BBD5F4 /* Info.plist */,
				9B1F285028E1CE8F009A5D86 /* ViewModifiers */,
				D3B623F72845466D0084930E /* Data */,
				D3B623EE284542890084930E /* ViewItems */,
				D3B623ED284542810084930E /* Views */,
				D39302D3283FDFD700BBD5F4 /* ipadcatsApp.swift */,
				D39302D5283FDFD700BBD5F4 /* ContentView.swift */,
				D39302D7283FDFDA00BBD5F4 /* Assets.xcassets */,
				D39302D9283FDFDA00BBD5F4 /* Preview Content */,
				D39302E7283FF1ED00BBD5F4 /* Launch Screen.storyboard */,
			);
			path = ipadcats;
			sourceTree = "<group>";
		};
		D39302D9283FDFDA00BBD5F4 /* Preview Content */ = {
			isa = PBXGroup;
			children = (
				D39302DA283FDFDA00BBD5F4 /* Preview Assets.xcassets */,
			);
			path = "Preview Content";
			sourceTree = "<group>";
		};
		D3A315812863A41500E6B966 /* ipadcatsUITests */ = {
			isa = PBXGroup;
			children = (
				D3A315822863A41500E6B966 /* ipadcatsUITests.swift */,
				D3A315842863A41500E6B966 /* ipadcatsUITestsLaunchTests.swift */,
			);
			path = ipadcatsUITests;
			sourceTree = "<group>";
		};
		D3A315902863ADCB00E6B966 /* IpadcatsTests */ = {
			isa = PBXGroup;
			children = (
				D3DA267B28CA5DCB0078F44D /* SnapshotTester.swift */,
				D3A315912863ADCB00E6B966 /* IpadcatsTests.swift */,
				D3A315992863AEDA00E6B966 /* SimpleUnitTests.xctestplan */,
			);
			path = IpadcatsTests;
			sourceTree = "<group>";
		};
		D3B623ED284542810084930E /* Views */ = {
			isa = PBXGroup;
			children = (
				D3B623EF2845429A0084930E /* Meme.swift */,
				D3B623F1284543580084930E /* MyFavourites.swift */,
				D3B623F32845461D0084930E /* RandomCode.swift */,
				D3B623F5284546370084930E /* AllHttpCodes.swift */,
				D39302E3283FE75B00BBD5F4 /* SidebarView.swift */,
				9BEA79F528DE506D006826FA /* GridView.swift */,
				9B486C6628DF760300A2B16C /* Credits.swift */,
			);
			path = Views;
			sourceTree = "<group>";
		};
		D3B623EE284542890084930E /* ViewItems */ = {
			isa = PBXGroup;
			children = (
				D39302E1283FDFF900BBD5F4 /* MyImage.swift */,
				D3E872362864E93F001C5C06 /* AnimalSwitcher.swift */,
				D3E872382864EEDB001C5C06 /* ShareButton.swift */,
				D3E8723A2864F09F001C5C06 /* FavouriteButton.swift */,
				D3E8723C2864F5D5001C5C06 /* FavouriteMeme.swift */,
			);
			path = ViewItems;
			sourceTree = "<group>";
		};
		D3B623F72845466D0084930E /* Data */ = {
			isa = PBXGroup;
			children = (
				D3BD0A022842A315005A957F /* AppPreferences.swift */,
			);
			path = Data;
			sourceTree = "<group>";
		};
		D3F2612628469FAD006169A8 /* Frameworks */ = {
			isa = PBXGroup;
			children = (
				D3F2612728469FAD006169A8 /* WidgetKit.framework */,
				D3F2612928469FAD006169A8 /* SwiftUI.framework */,
			);
			name = Frameworks;
			sourceTree = "<group>";
		};
		D3F2612B28469FAD006169A8 /* widgets */ = {
			isa = PBXGroup;
			children = (
				D3F2612C28469FAD006169A8 /* widgets.swift */,
				D3F2612E28469FAF006169A8 /* Assets.xcassets */,
				D3F2613028469FAF006169A8 /* Info.plist */,
				D3F2613A2847BB86006169A8 /* FavouriteImageProvider.swift */,
			);
			path = widgets;
			sourceTree = "<group>";
		};
/* End PBXGroup section */

/* Begin PBXHeadersBuildPhase section */
		D33A65062847F1A700A307FA /* Headers */ = {
			isa = PBXHeadersBuildPhase;
			buildActionMask = 2147483647;
			files = (
				D33A650E2847F1A700A307FA /* ipadcats_data.h in Headers */,
			);
			runOnlyForDeploymentPostprocessing = 0;
		};
/* End PBXHeadersBuildPhase section */

/* Begin PBXNativeTarget section */
		D33A650A2847F1A700A307FA /* ipadcats.data */ = {
			isa = PBXNativeTarget;
			buildConfigurationList = D33A65132847F1A700A307FA /* Build configuration list for PBXNativeTarget "ipadcats.data" */;
			buildPhases = (
				D33A65062847F1A700A307FA /* Headers */,
				D33A65072847F1A700A307FA /* Sources */,
				D33A65082847F1A700A307FA /* Frameworks */,
				D33A65092847F1A700A307FA /* Resources */,
			);
			buildRules = (
			);
			dependencies = (
			);
			name = ipadcats.data;
			productName = ipadcats.data;
			productReference = D33A650B2847F1A700A307FA /* ipadcats_data.framework */;
			productType = "com.apple.product-type.framework";
		};
		D39302CF283FDFD700BBD5F4 /* ipadcats */ = {
			isa = PBXNativeTarget;
			buildConfigurationList = D39302DE283FDFDA00BBD5F4 /* Build configuration list for PBXNativeTarget "ipadcats" */;
			buildPhases = (
				D39302CC283FDFD700BBD5F4 /* Sources */,
				D39302CD283FDFD700BBD5F4 /* Frameworks */,
				D39302CE283FDFD700BBD5F4 /* Resources */,
				D3F2613428469FAF006169A8 /* Embed Foundation Extensions */,
				D33A65242847F50700A307FA /* Embed Frameworks */,
				D3C8F03828493589002ED9FD /* ShellScript */,
			);
			buildRules = (
			);
			dependencies = (
				D3F2613228469FAF006169A8 /* PBXTargetDependency */,
				D33A651F2847F42100A307FA /* PBXTargetDependency */,
				D33A65232847F50700A307FA /* PBXTargetDependency */,
			);
			name = ipadcats;
			packageProductDependencies = (
				9B486C6F28E0F74D00A2B16C /* Nuke */,
				9B486C7128E0F74D00A2B16C /* NukeExtensions */,
				9B486C7328E0F74D00A2B16C /* NukeUI */,
			);
			productName = ipadcats;
			productReference = D39302D0283FDFD700BBD5F4 /* ipadcats.app */;
			productType = "com.apple.product-type.application";
		};
		D3A3157F2863A41500E6B966 /* ipadcatsUITests */ = {
			isa = PBXNativeTarget;
			buildConfigurationList = D3A3158A2863A41500E6B966 /* Build configuration list for PBXNativeTarget "ipadcatsUITests" */;
			buildPhases = (
				D3A3157C2863A41500E6B966 /* Sources */,
				D3A3157D2863A41500E6B966 /* Frameworks */,
				D3A3157E2863A41500E6B966 /* Resources */,
			);
			buildRules = (
			);
			dependencies = (
				D3A315872863A41500E6B966 /* PBXTargetDependency */,
			);
			name = ipadcatsUITests;
			productName = ipadcatsUITests;
			productReference = D3A315802863A41500E6B966 /* ipadcatsUITests.xctest */;
			productType = "com.apple.product-type.bundle.ui-testing";
		};
		D3A3158E2863ADCB00E6B966 /* IpadcatsTests */ = {
			isa = PBXNativeTarget;
			buildConfigurationList = D3A315962863ADCB00E6B966 /* Build configuration list for PBXNativeTarget "IpadcatsTests" */;
			buildPhases = (
				D3A3158B2863ADCB00E6B966 /* Sources */,
				D3A3158C2863ADCB00E6B966 /* Frameworks */,
				D3A3158D2863ADCB00E6B966 /* Resources */,
			);
			buildRules = (
			);
			dependencies = (
				D3A315952863ADCB00E6B966 /* PBXTargetDependency */,
				D3DA268128CA5FEB0078F44D /* PBXTargetDependency */,
			);
			name = IpadcatsTests;
			packageProductDependencies = (
				D3DA267E28CA5DEA0078F44D /* SnapshotTesting */,
			);
			productName = IpadcatsTests;
			productReference = D3A3158F2863ADCB00E6B966 /* IpadcatsTests.xctest */;
			productType = "com.apple.product-type.bundle.unit-test";
		};
		D3F2612428469FAD006169A8 /* widgetsExtension */ = {
			isa = PBXNativeTarget;
			buildConfigurationList = D3F2613728469FAF006169A8 /* Build configuration list for PBXNativeTarget "widgetsExtension" */;
			buildPhases = (
				D3F2612128469FAD006169A8 /* Sources */,
				D3F2612228469FAD006169A8 /* Frameworks */,
				D3F2612328469FAD006169A8 /* Resources */,
			);
			buildRules = (
			);
			dependencies = (
				D33A65282847F51000A307FA /* PBXTargetDependency */,
			);
			name = widgetsExtension;
			productName = widgetsExtension;
			productReference = D3F2612528469FAD006169A8 /* widgetsExtension.appex */;
			productType = "com.apple.product-type.app-extension";
		};
/* End PBXNativeTarget section */

/* Begin PBXProject section */
		D39302C8283FDFD700BBD5F4 /* Project object */ = {
			isa = PBXProject;
			attributes = {
				BuildIndependentTargetsInParallel = 1;
				LastSwiftUpdateCheck = 1400;
				LastUpgradeCheck = 1400;
				TargetAttributes = {
					D33A650A2847F1A700A307FA = {
						CreatedOnToolsVersion = 13.4;
					};
					D39302CF283FDFD700BBD5F4 = {
						CreatedOnToolsVersion = 13.4;
					};
					D3A3157F2863A41500E6B966 = {
						CreatedOnToolsVersion = 14.0;
						TestTargetID = D39302CF283FDFD700BBD5F4;
					};
					D3A3158E2863ADCB00E6B966 = {
						CreatedOnToolsVersion = 14.0;
						TestTargetID = D39302CF283FDFD700BBD5F4;
					};
					D3F2612428469FAD006169A8 = {
						CreatedOnToolsVersion = 13.4;
					};
				};
			};
			buildConfigurationList = D39302CB283FDFD700BBD5F4 /* Build configuration list for PBXProject "ipadcats" */;
			compatibilityVersion = "Xcode 14.0";
			developmentRegion = en;
			hasScannedForEncodings = 0;
			knownRegions = (
				en,
				Base,
			);
			mainGroup = D39302C7283FDFD700BBD5F4;
			packageReferences = (
				D3DA267D28CA5DEA0078F44D /* XCRemoteSwiftPackageReference "swift-snapshot-testing" */,
				9B486C6E28E0F74D00A2B16C /* XCRemoteSwiftPackageReference "Nuke" */,
			);
			productRefGroup = D39302D1283FDFD700BBD5F4 /* Products */;
			projectDirPath = "";
			projectRoot = "";
			targets = (
				D39302CF283FDFD700BBD5F4 /* ipadcats */,
				D3F2612428469FAD006169A8 /* widgetsExtension */,
				D33A650A2847F1A700A307FA /* ipadcats.data */,
				D3A3157F2863A41500E6B966 /* ipadcatsUITests */,
				D3A3158E2863ADCB00E6B966 /* IpadcatsTests */,
			);
		};
/* End PBXProject section */

/* Begin PBXResourcesBuildPhase section */
		D33A65092847F1A700A307FA /* Resources */ = {
			isa = PBXResourcesBuildPhase;
			buildActionMask = 2147483647;
			files = (
			);
			runOnlyForDeploymentPostprocessing = 0;
		};
		D39302CE283FDFD700BBD5F4 /* Resources */ = {
			isa = PBXResourcesBuildPhase;
			buildActionMask = 2147483647;
			files = (
				D39302E8283FF1ED00BBD5F4 /* Launch Screen.storyboard in Resources */,
				D39302DB283FDFDA00BBD5F4 /* Preview Assets.xcassets in Resources */,
				D39302D8283FDFDA00BBD5F4 /* Assets.xcassets in Resources */,
			);
			runOnlyForDeploymentPostprocessing = 0;
		};
		D3A3157E2863A41500E6B966 /* Resources */ = {
			isa = PBXResourcesBuildPhase;
			buildActionMask = 2147483647;
			files = (
			);
			runOnlyForDeploymentPostprocessing = 0;
		};
		D3A3158D2863ADCB00E6B966 /* Resources */ = {
			isa = PBXResourcesBuildPhase;
			buildActionMask = 2147483647;
			files = (
			);
			runOnlyForDeploymentPostprocessing = 0;
		};
		D3F2612328469FAD006169A8 /* Resources */ = {
			isa = PBXResourcesBuildPhase;
			buildActionMask = 2147483647;
			files = (
				D3F2612F28469FAF006169A8 /* Assets.xcassets in Resources */,
			);
			runOnlyForDeploymentPostprocessing = 0;
		};
/* End PBXResourcesBuildPhase section */

/* Begin PBXShellScriptBuildPhase section */
		D3C8F03828493589002ED9FD /* ShellScript */ = {
			isa = PBXShellScriptBuildPhase;
			buildActionMask = 2147483647;
			files = (
			);
			inputFileListPaths = (
			);
			inputPaths = (
			);
			outputFileListPaths = (
			);
			outputPaths = (
			);
			runOnlyForDeploymentPostprocessing = 0;
			shellPath = /bin/sh;
			shellScript = "export PATH=\"$PATH:/opt/homebrew/bin\"\nif which swiftlint > /dev/null; then\n  swiftlint\nelse\n  echo \"warning: SwiftLint not installed, download from https://github.com/realm/SwiftLint\"\nfi\n";
		};
/* End PBXShellScriptBuildPhase section */

/* Begin PBXSourcesBuildPhase section */
		D33A65072847F1A700A307FA /* Sources */ = {
			isa = PBXSourcesBuildPhase;
			buildActionMask = 2147483647;
			files = (
				9BEA79F228DE2CE8006826FA /* HTTPStatusCode.swift in Sources */,
				D33A65172847F1B700A307FA /* Favourite.swift in Sources */,
			);
			runOnlyForDeploymentPostprocessing = 0;
		};
		D39302CC283FDFD700BBD5F4 /* Sources */ = {
			isa = PBXSourcesBuildPhase;
			buildActionMask = 2147483647;
			files = (
				9BEA79F428DE2D78006826FA /* HTTPStatusCode.swift in Sources */,
				D3B623F42845461D0084930E /* RandomCode.swift in Sources */,
				9B1F285228E1CEB6009A5D86 /* ModifierCollections.swift in Sources */,
				D39302D6283FDFD700BBD5F4 /* ContentView.swift in Sources */,
				D39302E4283FE75B00BBD5F4 /* SidebarView.swift in Sources */,
				D3B623F02845429A0084930E /* Meme.swift in Sources */,
				D3B623F2284543580084930E /* MyFavourites.swift in Sources */,
				D39302E2283FDFF900BBD5F4 /* MyImage.swift in Sources */,
				D3E872372864E93F001C5C06 /* AnimalSwitcher.swift in Sources */,
				D3E8723D2864F5D5001C5C06 /* FavouriteMeme.swift in Sources */,
				9B486C6728DF760300A2B16C /* Credits.swift in Sources */,
				D33A65332848068500A307FA /* Favourite.swift in Sources */,
				9BEA79F628DE506D006826FA /* GridView.swift in Sources */,
				D3B623F6284546370084930E /* AllHttpCodes.swift in Sources */,
				D3E8723B2864F09F001C5C06 /* FavouriteButton.swift in Sources */,
				D39302D4283FDFD700BBD5F4 /* ipadcatsApp.swift in Sources */,
				D3BD0A032842A315005A957F /* AppPreferences.swift in Sources */,
				D3E872392864EEDB001C5C06 /* ShareButton.swift in Sources */,
			);
			runOnlyForDeploymentPostprocessing = 0;
		};
		D3A3157C2863A41500E6B966 /* Sources */ = {
			isa = PBXSourcesBuildPhase;
			buildActionMask = 2147483647;
			files = (
				D3A315852863A41500E6B966 /* ipadcatsUITestsLaunchTests.swift in Sources */,
				D3A315832863A41500E6B966 /* ipadcatsUITests.swift in Sources */,
			);
			runOnlyForDeploymentPostprocessing = 0;
		};
		D3A3158B2863ADCB00E6B966 /* Sources */ = {
			isa = PBXSourcesBuildPhase;
			buildActionMask = 2147483647;
			files = (
				D3DA267C28CA5DCB0078F44D /* SnapshotTester.swift in Sources */,
				D3A315922863ADCB00E6B966 /* IpadcatsTests.swift in Sources */,
			);
			runOnlyForDeploymentPostprocessing = 0;
		};
		D3F2612128469FAD006169A8 /* Sources */ = {
			isa = PBXSourcesBuildPhase;
			buildActionMask = 2147483647;
			files = (
				D33A65322848068100A307FA /* Favourite.swift in Sources */,
				D3F2613B2847BB86006169A8 /* FavouriteImageProvider.swift in Sources */,
				9BEA79F328DE2D78006826FA /* HTTPStatusCode.swift in Sources */,
				D3F2612D28469FAD006169A8 /* widgets.swift in Sources */,
			);
			runOnlyForDeploymentPostprocessing = 0;
		};
/* End PBXSourcesBuildPhase section */

/* Begin PBXTargetDependency section */
		D33A651F2847F42100A307FA /* PBXTargetDependency */ = {
			isa = PBXTargetDependency;
			target = D33A650A2847F1A700A307FA /* ipadcats.data */;
			targetProxy = D33A651E2847F42100A307FA /* PBXContainerItemProxy */;
		};
		D33A65232847F50700A307FA /* PBXTargetDependency */ = {
			isa = PBXTargetDependency;
			platformFilter = ios;
			target = D33A650A2847F1A700A307FA /* ipadcats.data */;
			targetProxy = D33A65222847F50700A307FA /* PBXContainerItemProxy */;
		};
		D33A65282847F51000A307FA /* PBXTargetDependency */ = {
			isa = PBXTargetDependency;
			target = D33A650A2847F1A700A307FA /* ipadcats.data */;
			targetProxy = D33A65272847F51000A307FA /* PBXContainerItemProxy */;
		};
		D3A315872863A41500E6B966 /* PBXTargetDependency */ = {
			isa = PBXTargetDependency;
			target = D39302CF283FDFD700BBD5F4 /* ipadcats */;
			targetProxy = D3A315862863A41500E6B966 /* PBXContainerItemProxy */;
		};
		D3A315952863ADCB00E6B966 /* PBXTargetDependency */ = {
			isa = PBXTargetDependency;
			target = D33A650A2847F1A700A307FA /* ipadcats.data */;
			targetProxy = D3A315942863ADCB00E6B966 /* PBXContainerItemProxy */;
		};
		D3DA268128CA5FEB0078F44D /* PBXTargetDependency */ = {
			isa = PBXTargetDependency;
			target = D39302CF283FDFD700BBD5F4 /* ipadcats */;
			targetProxy = D3DA268028CA5FEB0078F44D /* PBXContainerItemProxy */;
		};
		D3F2613228469FAF006169A8 /* PBXTargetDependency */ = {
			isa = PBXTargetDependency;
			target = D3F2612428469FAD006169A8 /* widgetsExtension */;
			targetProxy = D3F2613128469FAF006169A8 /* PBXContainerItemProxy */;
		};
/* End PBXTargetDependency section */

/* Begin XCBuildConfiguration section */
		D33A65142847F1A700A307FA /* Debug */ = {
			isa = XCBuildConfiguration;
			buildSettings = {
				APPLICATION_EXTENSION_API_ONLY = YES;
				CODE_SIGN_STYLE = Automatic;
				CURRENT_PROJECT_VERSION = 1;
				DEFINES_MODULE = YES;
				DEVELOPMENT_TEAM = W24S2RJT7L;
				DYLIB_COMPATIBILITY_VERSION = 1;
				DYLIB_CURRENT_VERSION = 1;
				DYLIB_INSTALL_NAME_BASE = "@rpath";
				GENERATE_INFOPLIST_FILE = YES;
				INFOPLIST_KEY_NSHumanReadableCopyright = "";
				INSTALL_PATH = "$(LOCAL_LIBRARY_DIR)/Frameworks";
				IPHONEOS_DEPLOYMENT_TARGET = 16.0;
				LD_RUNPATH_SEARCH_PATHS = (
					"$(inherited)",
					"@executable_path/Frameworks",
					"@loader_path/Frameworks",
				);
				MARKETING_VERSION = 2.0;
				PRODUCT_BUNDLE_IDENTIFIER = "uk.co.enyapkcin.ipadcats-data";
				PRODUCT_NAME = "$(TARGET_NAME:c99extidentifier)";
				SKIP_INSTALL = YES;
				SWIFT_EMIT_LOC_STRINGS = YES;
				SWIFT_VERSION = 5.0;
				TARGETED_DEVICE_FAMILY = "1,2";
				VERSIONING_SYSTEM = "apple-generic";
				VERSION_INFO_PREFIX = "";
			};
			name = Debug;
		};
		D33A65152847F1A700A307FA /* Release */ = {
			isa = XCBuildConfiguration;
			buildSettings = {
				APPLICATION_EXTENSION_API_ONLY = YES;
				CODE_SIGN_STYLE = Automatic;
				CURRENT_PROJECT_VERSION = 1;
				DEFINES_MODULE = YES;
				DEVELOPMENT_TEAM = W24S2RJT7L;
				DYLIB_COMPATIBILITY_VERSION = 1;
				DYLIB_CURRENT_VERSION = 1;
				DYLIB_INSTALL_NAME_BASE = "@rpath";
				GENERATE_INFOPLIST_FILE = YES;
				INFOPLIST_KEY_NSHumanReadableCopyright = "";
				INSTALL_PATH = "$(LOCAL_LIBRARY_DIR)/Frameworks";
				IPHONEOS_DEPLOYMENT_TARGET = 16.0;
				LD_RUNPATH_SEARCH_PATHS = (
					"$(inherited)",
					"@executable_path/Frameworks",
					"@loader_path/Frameworks",
				);
				MARKETING_VERSION = 2.0;
				PRODUCT_BUNDLE_IDENTIFIER = "uk.co.enyapkcin.ipadcats-data";
				PRODUCT_NAME = "$(TARGET_NAME:c99extidentifier)";
				SKIP_INSTALL = YES;
				SWIFT_EMIT_LOC_STRINGS = YES;
				SWIFT_VERSION = 5.0;
				TARGETED_DEVICE_FAMILY = "1,2";
				VERSIONING_SYSTEM = "apple-generic";
				VERSION_INFO_PREFIX = "";
			};
			name = Release;
		};
		D39302DC283FDFDA00BBD5F4 /* Debug */ = {
			isa = XCBuildConfiguration;
			buildSettings = {
				ALWAYS_SEARCH_USER_PATHS = NO;
				CLANG_ANALYZER_NONNULL = YES;
				CLANG_ANALYZER_NUMBER_OBJECT_CONVERSION = YES_AGGRESSIVE;
				CLANG_CXX_LANGUAGE_STANDARD = "gnu++17";
				CLANG_ENABLE_MODULES = YES;
				CLANG_ENABLE_OBJC_ARC = YES;
				CLANG_ENABLE_OBJC_WEAK = YES;
				CLANG_WARN_BLOCK_CAPTURE_AUTORELEASING = YES;
				CLANG_WARN_BOOL_CONVERSION = YES;
				CLANG_WARN_COMMA = YES;
				CLANG_WARN_CONSTANT_CONVERSION = YES;
				CLANG_WARN_DEPRECATED_OBJC_IMPLEMENTATIONS = YES;
				CLANG_WARN_DIRECT_OBJC_ISA_USAGE = YES_ERROR;
				CLANG_WARN_DOCUMENTATION_COMMENTS = YES;
				CLANG_WARN_EMPTY_BODY = YES;
				CLANG_WARN_ENUM_CONVERSION = YES;
				CLANG_WARN_INFINITE_RECURSION = YES;
				CLANG_WARN_INT_CONVERSION = YES;
				CLANG_WARN_NON_LITERAL_NULL_CONVERSION = YES;
				CLANG_WARN_OBJC_IMPLICIT_RETAIN_SELF = YES;
				CLANG_WARN_OBJC_LITERAL_CONVERSION = YES;
				CLANG_WARN_OBJC_ROOT_CLASS = YES_ERROR;
				CLANG_WARN_QUOTED_INCLUDE_IN_FRAMEWORK_HEADER = YES;
				CLANG_WARN_RANGE_LOOP_ANALYSIS = YES;
				CLANG_WARN_STRICT_PROTOTYPES = YES;
				CLANG_WARN_SUSPICIOUS_MOVE = YES;
				CLANG_WARN_UNGUARDED_AVAILABILITY = YES_AGGRESSIVE;
				CLANG_WARN_UNREACHABLE_CODE = YES;
				CLANG_WARN__DUPLICATE_METHOD_MATCH = YES;
				COPY_PHASE_STRIP = NO;
				DEBUG_INFORMATION_FORMAT = dwarf;
				ENABLE_STRICT_OBJC_MSGSEND = YES;
				ENABLE_TESTABILITY = YES;
				GCC_C_LANGUAGE_STANDARD = gnu11;
				GCC_DYNAMIC_NO_PIC = NO;
				GCC_NO_COMMON_BLOCKS = YES;
				GCC_OPTIMIZATION_LEVEL = 0;
				GCC_PREPROCESSOR_DEFINITIONS = (
					"DEBUG=1",
					"$(inherited)",
				);
				GCC_WARN_64_TO_32_BIT_CONVERSION = YES;
				GCC_WARN_ABOUT_RETURN_TYPE = YES_ERROR;
				GCC_WARN_UNDECLARED_SELECTOR = YES;
				GCC_WARN_UNINITIALIZED_AUTOS = YES_AGGRESSIVE;
				GCC_WARN_UNUSED_FUNCTION = YES;
				GCC_WARN_UNUSED_VARIABLE = YES;
				INFOPLIST_KEY_LSApplicationCategoryType = "public.app-category.entertainment";
				INFOPLIST_KEY_NSFileProviderDomainUsageDescription = "";
				IPHONEOS_DEPLOYMENT_TARGET = 16.0;
				MTL_ENABLE_DEBUG_INFO = INCLUDE_SOURCE;
				MTL_FAST_MATH = YES;
				ONLY_ACTIVE_ARCH = YES;
				SDKROOT = iphoneos;
				SWIFT_ACTIVE_COMPILATION_CONDITIONS = DEBUG;
				SWIFT_OPTIMIZATION_LEVEL = "-Onone";
			};
			name = Debug;
		};
		D39302DD283FDFDA00BBD5F4 /* Release */ = {
			isa = XCBuildConfiguration;
			buildSettings = {
				ALWAYS_SEARCH_USER_PATHS = NO;
				CLANG_ANALYZER_NONNULL = YES;
				CLANG_ANALYZER_NUMBER_OBJECT_CONVERSION = YES_AGGRESSIVE;
				CLANG_CXX_LANGUAGE_STANDARD = "gnu++17";
				CLANG_ENABLE_MODULES = YES;
				CLANG_ENABLE_OBJC_ARC = YES;
				CLANG_ENABLE_OBJC_WEAK = YES;
				CLANG_WARN_BLOCK_CAPTURE_AUTORELEASING = YES;
				CLANG_WARN_BOOL_CONVERSION = YES;
				CLANG_WARN_COMMA = YES;
				CLANG_WARN_CONSTANT_CONVERSION = YES;
				CLANG_WARN_DEPRECATED_OBJC_IMPLEMENTATIONS = YES;
				CLANG_WARN_DIRECT_OBJC_ISA_USAGE = YES_ERROR;
				CLANG_WARN_DOCUMENTATION_COMMENTS = YES;
				CLANG_WARN_EMPTY_BODY = YES;
				CLANG_WARN_ENUM_CONVERSION = YES;
				CLANG_WARN_INFINITE_RECURSION = YES;
				CLANG_WARN_INT_CONVERSION = YES;
				CLANG_WARN_NON_LITERAL_NULL_CONVERSION = YES;
				CLANG_WARN_OBJC_IMPLICIT_RETAIN_SELF = YES;
				CLANG_WARN_OBJC_LITERAL_CONVERSION = YES;
				CLANG_WARN_OBJC_ROOT_CLASS = YES_ERROR;
				CLANG_WARN_QUOTED_INCLUDE_IN_FRAMEWORK_HEADER = YES;
				CLANG_WARN_RANGE_LOOP_ANALYSIS = YES;
				CLANG_WARN_STRICT_PROTOTYPES = YES;
				CLANG_WARN_SUSPICIOUS_MOVE = YES;
				CLANG_WARN_UNGUARDED_AVAILABILITY = YES_AGGRESSIVE;
				CLANG_WARN_UNREACHABLE_CODE = YES;
				CLANG_WARN__DUPLICATE_METHOD_MATCH = YES;
				COPY_PHASE_STRIP = NO;
				DEBUG_INFORMATION_FORMAT = "dwarf-with-dsym";
				ENABLE_NS_ASSERTIONS = NO;
				ENABLE_STRICT_OBJC_MSGSEND = YES;
				GCC_C_LANGUAGE_STANDARD = gnu11;
				GCC_NO_COMMON_BLOCKS = YES;
				GCC_WARN_64_TO_32_BIT_CONVERSION = YES;
				GCC_WARN_ABOUT_RETURN_TYPE = YES_ERROR;
				GCC_WARN_UNDECLARED_SELECTOR = YES;
				GCC_WARN_UNINITIALIZED_AUTOS = YES_AGGRESSIVE;
				GCC_WARN_UNUSED_FUNCTION = YES;
				GCC_WARN_UNUSED_VARIABLE = YES;
				INFOPLIST_KEY_LSApplicationCategoryType = "public.app-category.entertainment";
				INFOPLIST_KEY_NSFileProviderDomainUsageDescription = "";
				INFOPLIST_KEY_UIRequiredDeviceCapabilities = "";
				IPHONEOS_DEPLOYMENT_TARGET = 16.0;
				MTL_ENABLE_DEBUG_INFO = NO;
				MTL_FAST_MATH = YES;
				SDKROOT = iphoneos;
				SWIFT_COMPILATION_MODE = wholemodule;
				SWIFT_OPTIMIZATION_LEVEL = "-O";
				VALIDATE_PRODUCT = YES;
			};
			name = Release;
		};
		D39302DF283FDFDA00BBD5F4 /* Debug */ = {
			isa = XCBuildConfiguration;
			buildSettings = {
				ALWAYS_EMBED_SWIFT_STANDARD_LIBRARIES = YES;
				ASSETCATALOG_COMPILER_APPICON_NAME = AppIcon;
				ASSETCATALOG_COMPILER_GLOBAL_ACCENT_COLOR_NAME = AccentColor;
				ASSETCATALOG_COMPILER_INCLUDE_ALL_APPICON_ASSETS = NO;
				CODE_SIGN_ENTITLEMENTS = ipadcats/ipadcats.entitlements;
				CODE_SIGN_STYLE = Automatic;
				CURRENT_PROJECT_VERSION = 1;
				DEVELOPMENT_ASSET_PATHS = "\"ipadcats/Preview Content\"";
				DEVELOPMENT_TEAM = W24S2RJT7L;
				ENABLE_PREVIEWS = YES;
				GENERATE_INFOPLIST_FILE = YES;
				INFOPLIST_FILE = ipadcats/Info.plist;
				INFOPLIST_KEY_CFBundleDisplayName = "Http Codes";
				INFOPLIST_KEY_LSApplicationCategoryType = "public.app-category.entertainment";
				INFOPLIST_KEY_NSFileProviderDomainUsageDescription = "";
				INFOPLIST_KEY_UIApplicationSceneManifest_Generation = YES;
				INFOPLIST_KEY_UIApplicationSupportsIndirectInputEvents = YES;
				INFOPLIST_KEY_UILaunchStoryboardName = "";
				INFOPLIST_KEY_UIRequiredDeviceCapabilities = wifi;
				INFOPLIST_KEY_UIStatusBarStyle = "";
				INFOPLIST_KEY_UISupportedInterfaceOrientations = "UIInterfaceOrientationLandscapeLeft UIInterfaceOrientationLandscapeRight UIInterfaceOrientationPortrait";
				INFOPLIST_KEY_UISupportedInterfaceOrientations_iPad = "UIInterfaceOrientationLandscapeLeft UIInterfaceOrientationLandscapeRight UIInterfaceOrientationPortrait UIInterfaceOrientationPortraitUpsideDown";
				IPHONEOS_DEPLOYMENT_TARGET = 16.0;
				LD_RUNPATH_SEARCH_PATHS = (
					"$(inherited)",
					"@executable_path/Frameworks",
				);
				MARKETING_VERSION = 2.2;
				PRODUCT_BUNDLE_IDENTIFIER = uk.co.enyapkcin.ipadcats;
				PRODUCT_NAME = "$(TARGET_NAME)";
				SUPPORTED_PLATFORMS = "iphoneos iphonesimulator";
				SUPPORTS_MACCATALYST = NO;
				SUPPORTS_MAC_DESIGNED_FOR_IPHONE_IPAD = YES;
				SWIFT_EMIT_LOC_STRINGS = YES;
				SWIFT_VERSION = 5.0;
				TARGETED_DEVICE_FAMILY = "1,2";
			};
			name = Debug;
		};
		D39302E0283FDFDA00BBD5F4 /* Release */ = {
			isa = XCBuildConfiguration;
			buildSettings = {
				ALWAYS_EMBED_SWIFT_STANDARD_LIBRARIES = YES;
				ASSETCATALOG_COMPILER_APPICON_NAME = AppIcon;
				ASSETCATALOG_COMPILER_GLOBAL_ACCENT_COLOR_NAME = AccentColor;
				ASSETCATALOG_COMPILER_INCLUDE_ALL_APPICON_ASSETS = NO;
				CODE_SIGN_ENTITLEMENTS = ipadcats/ipadcatsRelease.entitlements;
				CODE_SIGN_STYLE = Automatic;
				CURRENT_PROJECT_VERSION = 1;
				DEVELOPMENT_ASSET_PATHS = "\"ipadcats/Preview Content\"";
				DEVELOPMENT_TEAM = W24S2RJT7L;
				ENABLE_PREVIEWS = YES;
				GENERATE_INFOPLIST_FILE = YES;
				INFOPLIST_FILE = ipadcats/Info.plist;
				INFOPLIST_KEY_CFBundleDisplayName = "Http Codes";
				INFOPLIST_KEY_LSApplicationCategoryType = "public.app-category.entertainment";
				INFOPLIST_KEY_NSFileProviderDomainUsageDescription = "";
				INFOPLIST_KEY_UIApplicationSceneManifest_Generation = YES;
				INFOPLIST_KEY_UIApplicationSupportsIndirectInputEvents = YES;
				INFOPLIST_KEY_UILaunchStoryboardName = "";
				INFOPLIST_KEY_UIRequiredDeviceCapabilities = wifi;
				INFOPLIST_KEY_UIStatusBarStyle = "";
				INFOPLIST_KEY_UISupportedInterfaceOrientations = "UIInterfaceOrientationLandscapeLeft UIInterfaceOrientationLandscapeRight UIInterfaceOrientationPortrait";
				INFOPLIST_KEY_UISupportedInterfaceOrientations_iPad = "UIInterfaceOrientationLandscapeLeft UIInterfaceOrientationLandscapeRight UIInterfaceOrientationPortrait UIInterfaceOrientationPortraitUpsideDown";
				IPHONEOS_DEPLOYMENT_TARGET = 16.0;
				LD_RUNPATH_SEARCH_PATHS = (
					"$(inherited)",
					"@executable_path/Frameworks",
				);
				MARKETING_VERSION = 2.2;
				PRODUCT_BUNDLE_IDENTIFIER = uk.co.enyapkcin.ipadcats;
				PRODUCT_NAME = "$(TARGET_NAME)";
				SUPPORTED_PLATFORMS = "iphoneos iphonesimulator";
				SUPPORTS_MACCATALYST = NO;
				SUPPORTS_MAC_DESIGNED_FOR_IPHONE_IPAD = YES;
				SWIFT_EMIT_LOC_STRINGS = YES;
				SWIFT_VERSION = 5.0;
				TARGETED_DEVICE_FAMILY = "1,2";
			};
			name = Release;
		};
		D3A315882863A41500E6B966 /* Debug */ = {
			isa = XCBuildConfiguration;
			buildSettings = {
				CODE_SIGN_STYLE = Automatic;
				CURRENT_PROJECT_VERSION = 1;
				DEVELOPMENT_TEAM = W24S2RJT7L;
				GENERATE_INFOPLIST_FILE = YES;
				MARKETING_VERSION = 1.0;
				PRODUCT_BUNDLE_IDENTIFIER = uk.co.enyapkcin.ipadcatsUITests;
				PRODUCT_NAME = "$(TARGET_NAME)";
				SWIFT_EMIT_LOC_STRINGS = NO;
				SWIFT_VERSION = 5.0;
				TARGETED_DEVICE_FAMILY = "1,2";
				TEST_TARGET_NAME = ipadcats;
			};
			name = Debug;
		};
		D3A315892863A41500E6B966 /* Release */ = {
			isa = XCBuildConfiguration;
			buildSettings = {
				CODE_SIGN_STYLE = Automatic;
				CURRENT_PROJECT_VERSION = 1;
				DEVELOPMENT_TEAM = W24S2RJT7L;
				GENERATE_INFOPLIST_FILE = YES;
				MARKETING_VERSION = 1.0;
				PRODUCT_BUNDLE_IDENTIFIER = uk.co.enyapkcin.ipadcatsUITests;
				PRODUCT_NAME = "$(TARGET_NAME)";
				SWIFT_EMIT_LOC_STRINGS = NO;
				SWIFT_VERSION = 5.0;
				TARGETED_DEVICE_FAMILY = "1,2";
				TEST_TARGET_NAME = ipadcats;
			};
			name = Release;
		};
		D3A315972863ADCB00E6B966 /* Debug */ = {
			isa = XCBuildConfiguration;
			buildSettings = {
				BUNDLE_LOADER = "$(TEST_HOST)";
				CODE_SIGN_STYLE = Automatic;
				CURRENT_PROJECT_VERSION = 1;
				DEVELOPMENT_TEAM = W24S2RJT7L;
				GENERATE_INFOPLIST_FILE = YES;
				MARKETING_VERSION = 1.0;
				PRODUCT_BUNDLE_IDENTIFIER = uk.co.enyapkcin.IpadcatsTests;
				PRODUCT_NAME = "$(TARGET_NAME)";
				SWIFT_EMIT_LOC_STRINGS = NO;
				SWIFT_VERSION = 5.0;
				TARGETED_DEVICE_FAMILY = "1,2";
				TEST_HOST = "$(BUILT_PRODUCTS_DIR)/ipadcats.app/$(BUNDLE_EXECUTABLE_FOLDER_PATH)/ipadcats";
			};
			name = Debug;
		};
		D3A315982863ADCB00E6B966 /* Release */ = {
			isa = XCBuildConfiguration;
			buildSettings = {
				BUNDLE_LOADER = "$(TEST_HOST)";
				CODE_SIGN_STYLE = Automatic;
				CURRENT_PROJECT_VERSION = 1;
				DEVELOPMENT_TEAM = W24S2RJT7L;
				GENERATE_INFOPLIST_FILE = YES;
				MARKETING_VERSION = 1.0;
				PRODUCT_BUNDLE_IDENTIFIER = uk.co.enyapkcin.IpadcatsTests;
				PRODUCT_NAME = "$(TARGET_NAME)";
				SWIFT_EMIT_LOC_STRINGS = NO;
				SWIFT_VERSION = 5.0;
				TARGETED_DEVICE_FAMILY = "1,2";
				TEST_HOST = "$(BUILT_PRODUCTS_DIR)/ipadcats.app/$(BUNDLE_EXECUTABLE_FOLDER_PATH)/ipadcats";
			};
			name = Release;
		};
		D3F2613528469FAF006169A8 /* Debug */ = {
			isa = XCBuildConfiguration;
			buildSettings = {
				ASSETCATALOG_COMPILER_GLOBAL_ACCENT_COLOR_NAME = AccentColor;
				ASSETCATALOG_COMPILER_WIDGET_BACKGROUND_COLOR_NAME = WidgetBackground;
				CODE_SIGN_ENTITLEMENTS = widgetsExtension.entitlements;
				CODE_SIGN_STYLE = Automatic;
				CURRENT_PROJECT_VERSION = 1;
				DEVELOPMENT_TEAM = W24S2RJT7L;
				GENERATE_INFOPLIST_FILE = YES;
				INFOPLIST_FILE = widgets/Info.plist;
				INFOPLIST_KEY_CFBundleDisplayName = widgets;
				INFOPLIST_KEY_LSApplicationCategoryType = "public.app-category.entertainment";
				INFOPLIST_KEY_NSFileProviderDomainUsageDescription = "";
				INFOPLIST_KEY_NSHumanReadableCopyright = "";
				IPHONEOS_DEPLOYMENT_TARGET = 15.6;
				LD_RUNPATH_SEARCH_PATHS = (
					"$(inherited)",
					"@executable_path/Frameworks",
					"@executable_path/../../Frameworks",
				);
				MARKETING_VERSION = 2.2;
				PRODUCT_BUNDLE_IDENTIFIER = uk.co.enyapkcin.ipadcats.widgets;
				PRODUCT_NAME = "$(TARGET_NAME)";
				SKIP_INSTALL = YES;
				SWIFT_EMIT_LOC_STRINGS = YES;
				SWIFT_VERSION = 5.0;
				TARGETED_DEVICE_FAMILY = "1,2";
			};
			name = Debug;
		};
		D3F2613628469FAF006169A8 /* Release */ = {
			isa = XCBuildConfiguration;
			buildSettings = {
				ASSETCATALOG_COMPILER_GLOBAL_ACCENT_COLOR_NAME = AccentColor;
				ASSETCATALOG_COMPILER_WIDGET_BACKGROUND_COLOR_NAME = WidgetBackground;
				CODE_SIGN_ENTITLEMENTS = widgetsExtensionRelease.entitlements;
				CODE_SIGN_STYLE = Automatic;
				CURRENT_PROJECT_VERSION = 1;
				DEVELOPMENT_TEAM = W24S2RJT7L;
				GENERATE_INFOPLIST_FILE = YES;
				INFOPLIST_FILE = widgets/Info.plist;
				INFOPLIST_KEY_CFBundleDisplayName = widgets;
				INFOPLIST_KEY_LSApplicationCategoryType = "public.app-category.entertainment";
				INFOPLIST_KEY_NSFileProviderDomainUsageDescription = "";
				INFOPLIST_KEY_NSHumanReadableCopyright = "";
				IPHONEOS_DEPLOYMENT_TARGET = 15.6;
				LD_RUNPATH_SEARCH_PATHS = (
					"$(inherited)",
					"@executable_path/Frameworks",
					"@executable_path/../../Frameworks",
				);
				MARKETING_VERSION = 2.2;
				PRODUCT_BUNDLE_IDENTIFIER = uk.co.enyapkcin.ipadcats.widgets;
				PRODUCT_NAME = "$(TARGET_NAME)";
				SKIP_INSTALL = YES;
				SWIFT_EMIT_LOC_STRINGS = YES;
				SWIFT_VERSION = 5.0;
				TARGETED_DEVICE_FAMILY = "1,2";
			};
			name = Release;
		};
/* End XCBuildConfiguration section */

/* Begin XCConfigurationList section */
		D33A65132847F1A700A307FA /* Build configuration list for PBXNativeTarget "ipadcats.data" */ = {
			isa = XCConfigurationList;
			buildConfigurations = (
				D33A65142847F1A700A307FA /* Debug */,
				D33A65152847F1A700A307FA /* Release */,
			);
			defaultConfigurationIsVisible = 0;
			defaultConfigurationName = Release;
		};
		D39302CB283FDFD700BBD5F4 /* Build configuration list for PBXProject "ipadcats" */ = {
			isa = XCConfigurationList;
			buildConfigurations = (
				D39302DC283FDFDA00BBD5F4 /* Debug */,
				D39302DD283FDFDA00BBD5F4 /* Release */,
			);
			defaultConfigurationIsVisible = 0;
			defaultConfigurationName = Release;
		};
		D39302DE283FDFDA00BBD5F4 /* Build configuration list for PBXNativeTarget "ipadcats" */ = {
			isa = XCConfigurationList;
			buildConfigurations = (
				D39302DF283FDFDA00BBD5F4 /* Debug */,
				D39302E0283FDFDA00BBD5F4 /* Release */,
			);
			defaultConfigurationIsVisible = 0;
			defaultConfigurationName = Release;
		};
		D3A3158A2863A41500E6B966 /* Build configuration list for PBXNativeTarget "ipadcatsUITests" */ = {
			isa = XCConfigurationList;
			buildConfigurations = (
				D3A315882863A41500E6B966 /* Debug */,
				D3A315892863A41500E6B966 /* Release */,
			);
			defaultConfigurationIsVisible = 0;
			defaultConfigurationName = Release;
		};
		D3A315962863ADCB00E6B966 /* Build configuration list for PBXNativeTarget "IpadcatsTests" */ = {
			isa = XCConfigurationList;
			buildConfigurations = (
				D3A315972863ADCB00E6B966 /* Debug */,
				D3A315982863ADCB00E6B966 /* Release */,
			);
			defaultConfigurationIsVisible = 0;
			defaultConfigurationName = Release;
		};
		D3F2613728469FAF006169A8 /* Build configuration list for PBXNativeTarget "widgetsExtension" */ = {
			isa = XCConfigurationList;
			buildConfigurations = (
				D3F2613528469FAF006169A8 /* Debug */,
				D3F2613628469FAF006169A8 /* Release */,
			);
			defaultConfigurationIsVisible = 0;
			defaultConfigurationName = Release;
		};
/* End XCConfigurationList section */

/* Begin XCRemoteSwiftPackageReference section */
		9B486C6E28E0F74D00A2B16C /* XCRemoteSwiftPackageReference "Nuke" */ = {
			isa = XCRemoteSwiftPackageReference;
			repositoryURL = "https://github.com/kean/Nuke";
			requirement = {
				kind = exactVersion;
				version = 11.3.0;
			};
		};
		D3DA267D28CA5DEA0078F44D /* XCRemoteSwiftPackageReference "swift-snapshot-testing" */ = {
			isa = XCRemoteSwiftPackageReference;
			repositoryURL = "https://github.com/pointfreeco/swift-snapshot-testing.git";
			requirement = {
				branch = main;
				kind = branch;
			};
		};
/* End XCRemoteSwiftPackageReference section */

/* Begin XCSwiftPackageProductDependency section */
		9B486C6F28E0F74D00A2B16C /* Nuke */ = {
			isa = XCSwiftPackageProductDependency;
			package = 9B486C6E28E0F74D00A2B16C /* XCRemoteSwiftPackageReference "Nuke" */;
			productName = Nuke;
		};
		9B486C7128E0F74D00A2B16C /* NukeExtensions */ = {
			isa = XCSwiftPackageProductDependency;
			package = 9B486C6E28E0F74D00A2B16C /* XCRemoteSwiftPackageReference "Nuke" */;
			productName = NukeExtensions;
		};
		9B486C7328E0F74D00A2B16C /* NukeUI */ = {
			isa = XCSwiftPackageProductDependency;
			package = 9B486C6E28E0F74D00A2B16C /* XCRemoteSwiftPackageReference "Nuke" */;
			productName = NukeUI;
		};
		D3DA267E28CA5DEA0078F44D /* SnapshotTesting */ = {
			isa = XCSwiftPackageProductDependency;
			package = D3DA267D28CA5DEA0078F44D /* XCRemoteSwiftPackageReference "swift-snapshot-testing" */;
			productName = SnapshotTesting;
		};
/* End XCSwiftPackageProductDependency section */
	};
	rootObject = D39302C8283FDFD700BBD5F4 /* Project object */;
}
